
Microsoft Visual Studio Solution File, Format Version 12.00
# Visual Studio 2013
VisualStudioVersion = 12.0.30723.0
MinimumVisualStudioVersion = 10.0.40219.1
Project("{FAE04EC0-301F-11D3-BF4B-00C04F79EFBC}") = "SdojWeb", "SdojWeb\SdojWeb.csproj", "{36B88A9D-D8B0-40C4-A171-42DA7C835736}"
EndProject
Project("{FAE04EC0-301F-11D3-BF4B-00C04F79EFBC}") = "SdojJudger", "SdojJudger\SdojJudger.csproj", "{FB77AEA8-44FA-402F-B166-0CE5A015585C}"
EndProject
Project("{2150E333-8FDC-42A3-9474-1A3956D46DE8}") = "Details", "Details", "{A574E464-911C-4EDF-987A-6507E093A723}"
EndProject
Project("{2150E333-8FDC-42A3-9474-1A3956D46DE8}") = "JobObjectWrapper", "JobObjectWrapper", "{BE000895-C8F7-425E-9634-601ECCBB45D6}"
EndProject
Project("{FAE04EC0-301F-11D3-BF4B-00C04F79EFBC}") = "InJobProcessCreator", "Details\JobObjectWrapper\InJobProcessCreator\InJobProcessCreator.csproj", "{1208C948-CD63-45A9-8031-3D7EF416E623}"
EndProject
Project("{8BC9CEB8-8B4A-11D0-8D11-00A0C91BC942}") = "JobManagement", "Details\JobObjectWrapper\JobManagement\JobManagement.vcxproj", "{0E50E067-74E6-41E9-8E69-B485813CA7D8}"
EndProject
Global
	GlobalSection(SolutionConfigurationPlatforms) = preSolution
		Debug|Any CPU = Debug|Any CPU
		Debug|x86 = Debug|x86
		Release|Any CPU = Release|Any CPU
		Release|x86 = Release|x86
	EndGlobalSection
	GlobalSection(ProjectConfigurationPlatforms) = postSolution
		{36B88A9D-D8B0-40C4-A171-42DA7C835736}.Debug|Any CPU.ActiveCfg = Debug|Any CPU
		{36B88A9D-D8B0-40C4-A171-42DA7C835736}.Debug|Any CPU.Build.0 = Debug|Any CPU
		{36B88A9D-D8B0-40C4-A171-42DA7C835736}.Debug|x86.ActiveCfg = Debug|Any CPU
		{36B88A9D-D8B0-40C4-A171-42DA7C835736}.Release|Any CPU.ActiveCfg = Release|Any CPU
		{36B88A9D-D8B0-40C4-A171-42DA7C835736}.Release|Any CPU.Build.0 = Release|Any CPU
		{36B88A9D-D8B0-40C4-A171-42DA7C835736}.Release|x86.ActiveCfg = Release|Any CPU
		{36B88A9D-D8B0-40C4-A171-42DA7C835736}.Release|x86.Build.0 = Release|Any CPU
		{FB77AEA8-44FA-402F-B166-0CE5A015585C}.Debug|Any CPU.ActiveCfg = Debug|Any CPU
		{FB77AEA8-44FA-402F-B166-0CE5A015585C}.Debug|Any CPU.Build.0 = Debug|Any CPU
		{FB77AEA8-44FA-402F-B166-0CE5A015585C}.Debug|x86.ActiveCfg = Debug|x86
		{FB77AEA8-44FA-402F-B166-0CE5A015585C}.Debug|x86.Build.0 = Debug|x86
		{FB77AEA8-44FA-402F-B166-0CE5A015585C}.Release|Any CPU.ActiveCfg = Release|Any CPU
		{FB77AEA8-44FA-402F-B166-0CE5A015585C}.Release|Any CPU.Build.0 = Release|Any CPU
		{FB77AEA8-44FA-402F-B166-0CE5A015585C}.Release|x86.ActiveCfg = Release|x86
		{FB77AEA8-44FA-402F-B166-0CE5A015585C}.Release|x86.Build.0 = Release|x86
		{1208C948-CD63-45A9-8031-3D7EF416E623}.Debug|Any CPU.ActiveCfg = Debug|x86
		{1208C948-CD63-45A9-8031-3D7EF416E623}.Debug|Any CPU.Build.0 = Debug|x86
		{1208C948-CD63-45A9-8031-3D7EF416E623}.Debug|x86.ActiveCfg = Debug|x86
		{1208C948-CD63-45A9-8031-3D7EF416E623}.Debug|x86.Build.0 = Debug|x86
		{1208C948-CD63-45A9-8031-3D7EF416E623}.Release|Any CPU.ActiveCfg = Release|Any CPU
		{1208C948-CD63-45A9-8031-3D7EF416E623}.Release|Any CPU.Build.0 = Release|Any CPU
		{1208C948-CD63-45A9-8031-3D7EF416E623}.Release|x86.ActiveCfg = Release|x86
		{1208C948-CD63-45A9-8031-3D7EF416E623}.Release|x86.Build.0 = Release|x86
		{0E50E067-74E6-41E9-8E69-B485813CA7D8}.Debug|Any CPU.ActiveCfg = Debug|Win32
		{0E50E067-74E6-41E9-8E69-B485813CA7D8}.Debug|x86.ActiveCfg = Debug|Win32
		{0E50E067-74E6-41E9-8E69-B485813CA7D8}.Debug|x86.Build.0 = Debug|Win32
		{0E50E067-74E6-41E9-8E69-B485813CA7D8}.Release|Any CPU.ActiveCfg = Release|Win32
		{0E50E067-74E6-41E9-8E69-B485813CA7D8}.Release|Any CPU.Build.0 = Release|Win32
		{0E50E067-74E6-41E9-8E69-B485813CA7D8}.Release|x86.ActiveCfg = Release|Win32
		{0E50E067-74E6-41E9-8E69-B485813CA7D8}.Release|x86.Build.0 = Release|Win32
	EndGlobalSection
	GlobalSection(SolutionProperties) = preSolution
		HideSolutionNode = FALSE
	EndGlobalSection
	GlobalSection(NestedProjects) = preSolution
		{BE000895-C8F7-425E-9634-601ECCBB45D6} = {A574E464-911C-4EDF-987A-6507E093A723}
		{1208C948-CD63-45A9-8031-3D7EF416E623} = {BE000895-C8F7-425E-9634-601ECCBB45D6}
		{0E50E067-74E6-41E9-8E69-B485813CA7D8} = {BE000895-C8F7-425E-9634-601ECCBB45D6}
	EndGlobalSection
EndGlobal
