
Microsoft Visual Studio Solution File, Format Version 12.00
# Visual Studio 2013
VisualStudioVersion = 12.0.30723.0
MinimumVisualStudioVersion = 10.0.40219.1
Project("{FAE04EC0-301F-11D3-BF4B-00C04F79EFBC}") = "SdojWeb", "SdojWeb\SdojWeb.csproj", "{36B88A9D-D8B0-40C4-A171-42DA7C835736}"
EndProject
Project("{FAE04EC0-301F-11D3-BF4B-00C04F79EFBC}") = "SdojJudger", "SdojJudger\SdojJudger.csproj", "{FB77AEA8-44FA-402F-B166-0CE5A015585C}"
	ProjectSection(ProjectDependencies) = postProject
		{BFC12033-CA82-43B7-ABA2-6E43B21264B5} = {BFC12033-CA82-43B7-ABA2-6E43B21264B5}
	EndProjectSection
EndProject
Project("{8BC9CEB8-8B4A-11D0-8D11-00A0C91BC942}") = "safe_runner", "safe_runner\safe_runner.vcxproj", "{BFC12033-CA82-43B7-ABA2-6E43B21264B5}"
EndProject
Project("{FAE04EC0-301F-11D3-BF4B-00C04F79EFBC}") = "SafeRunnerTest", "SafeRunnerTest\SafeRunnerTest.csproj", "{2BEB6AB5-80B1-48DD-8029-15CE69CC7C0B}"
EndProject
Global
	GlobalSection(SolutionConfigurationPlatforms) = preSolution
		Debug|Any CPU = Debug|Any CPU
		Debug|Mixed Platforms = Debug|Mixed Platforms
		Debug|Win32 = Debug|Win32
		Debug|x64 = Debug|x64
		Debug|x86 = Debug|x86
		Release|Any CPU = Release|Any CPU
		Release|Mixed Platforms = Release|Mixed Platforms
		Release|Win32 = Release|Win32
		Release|x64 = Release|x64
		Release|x86 = Release|x86
	EndGlobalSection
	GlobalSection(ProjectConfigurationPlatforms) = postSolution
		{36B88A9D-D8B0-40C4-A171-42DA7C835736}.Debug|Any CPU.ActiveCfg = Debug|Any CPU
		{36B88A9D-D8B0-40C4-A171-42DA7C835736}.Debug|Any CPU.Build.0 = Debug|Any CPU
		{36B88A9D-D8B0-40C4-A171-42DA7C835736}.Debug|Mixed Platforms.ActiveCfg = Debug|Any CPU
		{36B88A9D-D8B0-40C4-A171-42DA7C835736}.Debug|Mixed Platforms.Build.0 = Debug|Any CPU
		{36B88A9D-D8B0-40C4-A171-42DA7C835736}.Debug|Win32.ActiveCfg = Debug|Any CPU
		{36B88A9D-D8B0-40C4-A171-42DA7C835736}.Debug|x64.ActiveCfg = Debug|Any CPU
		{36B88A9D-D8B0-40C4-A171-42DA7C835736}.Debug|x64.Build.0 = Debug|Any CPU
		{36B88A9D-D8B0-40C4-A171-42DA7C835736}.Debug|x86.ActiveCfg = Debug|Any CPU
		{36B88A9D-D8B0-40C4-A171-42DA7C835736}.Debug|x86.Build.0 = Debug|Any CPU
		{36B88A9D-D8B0-40C4-A171-42DA7C835736}.Release|Any CPU.ActiveCfg = Release|Any CPU
		{36B88A9D-D8B0-40C4-A171-42DA7C835736}.Release|Any CPU.Build.0 = Release|Any CPU
		{36B88A9D-D8B0-40C4-A171-42DA7C835736}.Release|Mixed Platforms.ActiveCfg = Release|Any CPU
		{36B88A9D-D8B0-40C4-A171-42DA7C835736}.Release|Mixed Platforms.Build.0 = Release|Any CPU
		{36B88A9D-D8B0-40C4-A171-42DA7C835736}.Release|Win32.ActiveCfg = Release|Any CPU
		{36B88A9D-D8B0-40C4-A171-42DA7C835736}.Release|x64.ActiveCfg = Release|x64
		{36B88A9D-D8B0-40C4-A171-42DA7C835736}.Release|x64.Build.0 = Release|x64
		{36B88A9D-D8B0-40C4-A171-42DA7C835736}.Release|x86.ActiveCfg = Release|Any CPU
		{36B88A9D-D8B0-40C4-A171-42DA7C835736}.Release|x86.Build.0 = Release|Any CPU
		{FB77AEA8-44FA-402F-B166-0CE5A015585C}.Debug|Any CPU.ActiveCfg = Debug|Any CPU
		{FB77AEA8-44FA-402F-B166-0CE5A015585C}.Debug|Any CPU.Build.0 = Debug|Any CPU
		{FB77AEA8-44FA-402F-B166-0CE5A015585C}.Debug|Mixed Platforms.ActiveCfg = Debug|x86
		{FB77AEA8-44FA-402F-B166-0CE5A015585C}.Debug|Mixed Platforms.Build.0 = Debug|x86
		{FB77AEA8-44FA-402F-B166-0CE5A015585C}.Debug|Win32.ActiveCfg = Debug|x86
		{FB77AEA8-44FA-402F-B166-0CE5A015585C}.Debug|Win32.Build.0 = Debug|x86
		{FB77AEA8-44FA-402F-B166-0CE5A015585C}.Debug|x64.ActiveCfg = Debug|x64
		{FB77AEA8-44FA-402F-B166-0CE5A015585C}.Debug|x64.Build.0 = Debug|x64
		{FB77AEA8-44FA-402F-B166-0CE5A015585C}.Debug|x86.ActiveCfg = Debug|x86
		{FB77AEA8-44FA-402F-B166-0CE5A015585C}.Debug|x86.Build.0 = Debug|x86
		{FB77AEA8-44FA-402F-B166-0CE5A015585C}.Release|Any CPU.ActiveCfg = Release|Any CPU
		{FB77AEA8-44FA-402F-B166-0CE5A015585C}.Release|Any CPU.Build.0 = Release|Any CPU
		{FB77AEA8-44FA-402F-B166-0CE5A015585C}.Release|Mixed Platforms.ActiveCfg = Release|x86
		{FB77AEA8-44FA-402F-B166-0CE5A015585C}.Release|Mixed Platforms.Build.0 = Release|x86
		{FB77AEA8-44FA-402F-B166-0CE5A015585C}.Release|Win32.ActiveCfg = Release|x86
		{FB77AEA8-44FA-402F-B166-0CE5A015585C}.Release|Win32.Build.0 = Release|x86
		{FB77AEA8-44FA-402F-B166-0CE5A015585C}.Release|x64.ActiveCfg = Release|x64
		{FB77AEA8-44FA-402F-B166-0CE5A015585C}.Release|x64.Build.0 = Release|x64
		{FB77AEA8-44FA-402F-B166-0CE5A015585C}.Release|x86.ActiveCfg = Release|x86
		{FB77AEA8-44FA-402F-B166-0CE5A015585C}.Release|x86.Build.0 = Release|x86
		{BFC12033-CA82-43B7-ABA2-6E43B21264B5}.Debug|Any CPU.ActiveCfg = Debug|Win32
		{BFC12033-CA82-43B7-ABA2-6E43B21264B5}.Debug|Mixed Platforms.ActiveCfg = Debug|Win32
		{BFC12033-CA82-43B7-ABA2-6E43B21264B5}.Debug|Mixed Platforms.Build.0 = Debug|Win32
		{BFC12033-CA82-43B7-ABA2-6E43B21264B5}.Debug|Win32.ActiveCfg = Debug|Win32
		{BFC12033-CA82-43B7-ABA2-6E43B21264B5}.Debug|Win32.Build.0 = Debug|Win32
		{BFC12033-CA82-43B7-ABA2-6E43B21264B5}.Debug|x64.ActiveCfg = Debug|x64
		{BFC12033-CA82-43B7-ABA2-6E43B21264B5}.Debug|x64.Build.0 = Debug|x64
		{BFC12033-CA82-43B7-ABA2-6E43B21264B5}.Debug|x86.ActiveCfg = Debug|Win32
		{BFC12033-CA82-43B7-ABA2-6E43B21264B5}.Debug|x86.Build.0 = Debug|Win32
		{BFC12033-CA82-43B7-ABA2-6E43B21264B5}.Release|Any CPU.ActiveCfg = Release|Win32
		{BFC12033-CA82-43B7-ABA2-6E43B21264B5}.Release|Mixed Platforms.ActiveCfg = Release|Win32
		{BFC12033-CA82-43B7-ABA2-6E43B21264B5}.Release|Mixed Platforms.Build.0 = Release|Win32
		{BFC12033-CA82-43B7-ABA2-6E43B21264B5}.Release|Win32.ActiveCfg = Release|Win32
		{BFC12033-CA82-43B7-ABA2-6E43B21264B5}.Release|Win32.Build.0 = Release|Win32
		{BFC12033-CA82-43B7-ABA2-6E43B21264B5}.Release|x64.ActiveCfg = Release|x64
		{BFC12033-CA82-43B7-ABA2-6E43B21264B5}.Release|x64.Build.0 = Release|x64
		{BFC12033-CA82-43B7-ABA2-6E43B21264B5}.Release|x86.ActiveCfg = Release|Win32
		{BFC12033-CA82-43B7-ABA2-6E43B21264B5}.Release|x86.Build.0 = Release|Win32
		{2BEB6AB5-80B1-48DD-8029-15CE69CC7C0B}.Debug|Any CPU.ActiveCfg = Debug|Any CPU
		{2BEB6AB5-80B1-48DD-8029-15CE69CC7C0B}.Debug|Any CPU.Build.0 = Debug|Any CPU
		{2BEB6AB5-80B1-48DD-8029-15CE69CC7C0B}.Debug|Mixed Platforms.ActiveCfg = Debug|x86
		{2BEB6AB5-80B1-48DD-8029-15CE69CC7C0B}.Debug|Mixed Platforms.Build.0 = Debug|x86
		{2BEB6AB5-80B1-48DD-8029-15CE69CC7C0B}.Debug|Win32.ActiveCfg = Debug|x86
		{2BEB6AB5-80B1-48DD-8029-15CE69CC7C0B}.Debug|Win32.Build.0 = Debug|x86
		{2BEB6AB5-80B1-48DD-8029-15CE69CC7C0B}.Debug|x64.ActiveCfg = Debug|x64
		{2BEB6AB5-80B1-48DD-8029-15CE69CC7C0B}.Debug|x64.Build.0 = Debug|x64
		{2BEB6AB5-80B1-48DD-8029-15CE69CC7C0B}.Debug|x86.ActiveCfg = Debug|x86
		{2BEB6AB5-80B1-48DD-8029-15CE69CC7C0B}.Debug|x86.Build.0 = Debug|x86
		{2BEB6AB5-80B1-48DD-8029-15CE69CC7C0B}.Release|Any CPU.ActiveCfg = Release|Any CPU
		{2BEB6AB5-80B1-48DD-8029-15CE69CC7C0B}.Release|Any CPU.Build.0 = Release|Any CPU
		{2BEB6AB5-80B1-48DD-8029-15CE69CC7C0B}.Release|Mixed Platforms.ActiveCfg = Release|x86
		{2BEB6AB5-80B1-48DD-8029-15CE69CC7C0B}.Release|Mixed Platforms.Build.0 = Release|x86
		{2BEB6AB5-80B1-48DD-8029-15CE69CC7C0B}.Release|Win32.ActiveCfg = Release|x86
		{2BEB6AB5-80B1-48DD-8029-15CE69CC7C0B}.Release|Win32.Build.0 = Release|x86
		{2BEB6AB5-80B1-48DD-8029-15CE69CC7C0B}.Release|x64.ActiveCfg = Release|x64
		{2BEB6AB5-80B1-48DD-8029-15CE69CC7C0B}.Release|x64.Build.0 = Release|x64
		{2BEB6AB5-80B1-48DD-8029-15CE69CC7C0B}.Release|x86.ActiveCfg = Release|x86
		{2BEB6AB5-80B1-48DD-8029-15CE69CC7C0B}.Release|x86.Build.0 = Release|x86
	EndGlobalSection
	GlobalSection(SolutionProperties) = preSolution
		HideSolutionNode = FALSE
	EndGlobalSection
EndGlobal
