
Microsoft Visual Studio Solution File, Format Version 12.00
# Visual Studio Version 16
VisualStudioVersion = 16.0.29311.281
MinimumVisualStudioVersion = 10.0.40219.1
Project("{FAE04EC0-301F-11D3-BF4B-00C04F79EFBC}") = "SdojWeb", "SdojWeb\SdojWeb.csproj", "{36B88A9D-D8B0-40C4-A171-42DA7C835736}"
EndProject
Project("{FAE04EC0-301F-11D3-BF4B-00C04F79EFBC}") = "SdojJudger", "SdojJudger\SdojJudger.csproj", "{FB77AEA8-44FA-402F-B166-0CE5A015585C}"
	ProjectSection(ProjectDependencies) = postProject
		{BFC12033-CA82-43B7-ABA2-6E43B21264B5} = {BFC12033-CA82-43B7-ABA2-6E43B21264B5}
	EndProjectSection
EndProject
Project("{FAE04EC0-301F-11D3-BF4B-00C04F79EFBC}") = "Sandbox.Tests", "Sandbox.Tests\Sandbox.Tests.csproj", "{2BEB6AB5-80B1-48DD-8029-15CE69CC7C0B}"
EndProject
Project("{8BC9CEB8-8B4A-11D0-8D11-00A0C91BC942}") = "sandbox", "sandbox\safe_runner.vcxproj", "{BFC12033-CA82-43B7-ABA2-6E43B21264B5}"
EndProject
Project("{2150E333-8FDC-42A3-9474-1A3956D46DE8}") = "Solution Items", "Solution Items", "{7DB8CA55-F6FB-4631-A1B9-1EEC99C588F7}"
	ProjectSection(SolutionItems) = preProject
		readme.md = readme.md
	EndProjectSection
EndProject
Global
	GlobalSection(SolutionConfigurationPlatforms) = preSolution
		Debug|x64 = Debug|x64
		Debug|x86 = Debug|x86
		Release|x64 = Release|x64
		Release|x86 = Release|x86
	EndGlobalSection
	GlobalSection(ProjectConfigurationPlatforms) = postSolution
		{36B88A9D-D8B0-40C4-A171-42DA7C835736}.Debug|x64.ActiveCfg = Debug|Any CPU
		{36B88A9D-D8B0-40C4-A171-42DA7C835736}.Debug|x64.Build.0 = Debug|Any CPU
		{36B88A9D-D8B0-40C4-A171-42DA7C835736}.Debug|x86.ActiveCfg = Debug|Any CPU
		{36B88A9D-D8B0-40C4-A171-42DA7C835736}.Debug|x86.Build.0 = Debug|Any CPU
		{36B88A9D-D8B0-40C4-A171-42DA7C835736}.Release|x64.ActiveCfg = Release|Any CPU
		{36B88A9D-D8B0-40C4-A171-42DA7C835736}.Release|x64.Build.0 = Release|Any CPU
		{36B88A9D-D8B0-40C4-A171-42DA7C835736}.Release|x86.ActiveCfg = Release|Any CPU
		{36B88A9D-D8B0-40C4-A171-42DA7C835736}.Release|x86.Build.0 = Release|Any CPU
		{FB77AEA8-44FA-402F-B166-0CE5A015585C}.Debug|x64.ActiveCfg = Debug|x64
		{FB77AEA8-44FA-402F-B166-0CE5A015585C}.Debug|x64.Build.0 = Debug|x64
		{FB77AEA8-44FA-402F-B166-0CE5A015585C}.Debug|x86.ActiveCfg = Debug|x86
		{FB77AEA8-44FA-402F-B166-0CE5A015585C}.Debug|x86.Build.0 = Debug|x86
		{FB77AEA8-44FA-402F-B166-0CE5A015585C}.Release|x64.ActiveCfg = Release|x64
		{FB77AEA8-44FA-402F-B166-0CE5A015585C}.Release|x64.Build.0 = Release|x64
		{FB77AEA8-44FA-402F-B166-0CE5A015585C}.Release|x86.ActiveCfg = Release|x86
		{FB77AEA8-44FA-402F-B166-0CE5A015585C}.Release|x86.Build.0 = Release|x86
		{2BEB6AB5-80B1-48DD-8029-15CE69CC7C0B}.Debug|x64.ActiveCfg = Debug|x64
		{2BEB6AB5-80B1-48DD-8029-15CE69CC7C0B}.Debug|x64.Build.0 = Debug|x64
		{2BEB6AB5-80B1-48DD-8029-15CE69CC7C0B}.Debug|x86.ActiveCfg = Debug|x86
		{2BEB6AB5-80B1-48DD-8029-15CE69CC7C0B}.Debug|x86.Build.0 = Debug|x86
		{2BEB6AB5-80B1-48DD-8029-15CE69CC7C0B}.Release|x64.ActiveCfg = Release|x64
		{2BEB6AB5-80B1-48DD-8029-15CE69CC7C0B}.Release|x64.Build.0 = Release|x64
		{2BEB6AB5-80B1-48DD-8029-15CE69CC7C0B}.Release|x86.ActiveCfg = Release|x86
		{2BEB6AB5-80B1-48DD-8029-15CE69CC7C0B}.Release|x86.Build.0 = Release|x86
		{BFC12033-CA82-43B7-ABA2-6E43B21264B5}.Debug|x64.ActiveCfg = Debug|x64
		{BFC12033-CA82-43B7-ABA2-6E43B21264B5}.Debug|x64.Build.0 = Debug|x64
		{BFC12033-CA82-43B7-ABA2-6E43B21264B5}.Debug|x86.ActiveCfg = Debug|Win32
		{BFC12033-CA82-43B7-ABA2-6E43B21264B5}.Debug|x86.Build.0 = Debug|Win32
		{BFC12033-CA82-43B7-ABA2-6E43B21264B5}.Release|x64.ActiveCfg = Release|x64
		{BFC12033-CA82-43B7-ABA2-6E43B21264B5}.Release|x64.Build.0 = Release|x64
		{BFC12033-CA82-43B7-ABA2-6E43B21264B5}.Release|x86.ActiveCfg = Release|Win32
		{BFC12033-CA82-43B7-ABA2-6E43B21264B5}.Release|x86.Build.0 = Release|Win32
	EndGlobalSection
	GlobalSection(SolutionProperties) = preSolution
		HideSolutionNode = FALSE
	EndGlobalSection
	GlobalSection(ExtensibilityGlobals) = postSolution
		SolutionGuid = {75E29155-F6A3-4CE1-87B0-244206A7AF3F}
	EndGlobalSection
EndGlobal
