<?xml version="1.0" encoding="utf-8"?>
<Project ToolsVersion="4.0" xmlns="http://schemas.microsoft.com/developer/msbuild/2003">
  <ItemGroup>
    <Filter Include="app_config">
      <UniqueIdentifier>{54293ec2-1d0f-4148-afef-10c8d6b4b8c5}</UniqueIdentifier>
    </Filter>
    <Filter Include="application">
      <UniqueIdentifier>{c4a505df-44e9-43dc-80b5-af495098a1ff}</UniqueIdentifier>
    </Filter>
    <Filter Include="common">
      <UniqueIdentifier>{a8c82322-d803-43bd-9b4f-76bde6c48a98}</UniqueIdentifier>
    </Filter>
  </ItemGroup>
  <ItemGroup>
    <ClInclude Include="stdafx.h">
      <Filter>common</Filter>
    </ClInclude>
    <ClInclude Include="targetver.h">
      <Filter>common</Filter>
    </ClInclude>
    <ClInclude Include="app_config.h">
      <Filter>app_config</Filter>
    </ClInclude>
    <ClInclude Include="application.h">
      <Filter>application</Filter>
    </ClInclude>
    <ClInclude Include="handle.h">
      <Filter>common</Filter>
    </ClInclude>
    <ClInclude Include="debug.h">
      <Filter>common</Filter>
    </ClInclude>
    <ClInclude Include="winencrypt.h">
      <Filter>common</Filter>
    </ClInclude>
  </ItemGroup>
  <ItemGroup>
    <ClCompile Include="stdafx.cpp">
      <Filter>common</Filter>
    </ClCompile>
    <ClCompile Include="app_config.cpp">
      <Filter>app_config</Filter>
    </ClCompile>
    <ClCompile Include="application.cpp">
      <Filter>application</Filter>
    </ClCompile>
    <ClCompile Include="Main.cpp">
      <Filter>application</Filter>
    </ClCompile>
  </ItemGroup>
  <ItemGroup>
    <None Include="packages.config" />
  </ItemGroup>
  <ItemGroup>
    <Xml Include="config.xml" />
  </ItemGroup>
</Project>